
Microsoft Visual Studio Solution File, Format Version 12.00
# Visual Studio Version 17
VisualStudioVersion = 17.14.36616.10 d17.14
MinimumVisualStudioVersion = 10.0.40219.1
Project("{FAE04EC0-301F-11D3-BF4B-00C04F79EFBC}") = "LanguageTranslator", "LanguageTranslator.csproj", "{C0EDC6CD-DF27-4D2B-BD24-1E0BF812257D}"
EndProject
Global
	GlobalSection(SolutionConfigurationPlatforms) = preSolution
		Debug|Any CPU = Debug|Any CPU
		Release|Any CPU = Release|Any CPU
	EndGlobalSection
	GlobalSection(ProjectConfigurationPlatforms) = postSolution
		{C0EDC6CD-DF27-4D2B-BD24-1E0BF812257D}.Debug|Any CPU.ActiveCfg = Debug|Any CPU
		{C0EDC6CD-DF27-4D2B-BD24-1E0BF812257D}.Debug|Any CPU.Build.0 = Debug|Any CPU
		{C0EDC6CD-DF27-4D2B-BD24-1E0BF812257D}.Release|Any CPU.ActiveCfg = Release|Any CPU
		{C0EDC6CD-DF27-4D2B-BD24-1E0BF812257D}.Release|Any CPU.Build.0 = Release|Any CPU
	EndGlobalSection
	GlobalSection(SolutionProperties) = preSolution
		HideSolutionNode = FALSE
	EndGlobalSection
	GlobalSection(ExtensibilityGlobals) = postSolution
		SolutionGuid = {CADA3BFD-F14E-4A01-A9FF-C9258832795D}
	EndGlobalSection
EndGlobal
